
Microsoft Visual Studio Solution File, Format Version 12.00
# Visual Studio Version 17
VisualStudioVersion = 17.14.36915.13 d17.14
MinimumVisualStudioVersion = 10.0.40219.1
Project("{FAE04EC0-301F-11D3-BF4B-00C04F79EFBC}") = "Pk_tehtävä4", "Pk_tehtävä4.csproj", "{B891AF4A-6D9B-4881-8F49-578F92BAEB43}"
EndProject
Global
	GlobalSection(SolutionConfigurationPlatforms) = preSolution
		Debug|Any CPU = Debug|Any CPU
		Release|Any CPU = Release|Any CPU
	EndGlobalSection
	GlobalSection(ProjectConfigurationPlatforms) = postSolution
		{B891AF4A-6D9B-4881-8F49-578F92BAEB43}.Debug|Any CPU.ActiveCfg = Debug|Any CPU
		{B891AF4A-6D9B-4881-8F49-578F92BAEB43}.Debug|Any CPU.Build.0 = Debug|Any CPU
		{B891AF4A-6D9B-4881-8F49-578F92BAEB43}.Release|Any CPU.ActiveCfg = Release|Any CPU
		{B891AF4A-6D9B-4881-8F49-578F92BAEB43}.Release|Any CPU.Build.0 = Release|Any CPU
	EndGlobalSection
	GlobalSection(SolutionProperties) = preSolution
		HideSolutionNode = FALSE
	EndGlobalSection
	GlobalSection(ExtensibilityGlobals) = postSolution
		SolutionGuid = {2AEF65FD-6C89-480E-85FD-1AF06C699669}
	EndGlobalSection
EndGlobal
